
Microsoft Visual Studio Solution File, Format Version 12.00
Project("{FAE04EC0-301F-11D3-BF4B-00C04F79EFBC}") = "Vanessave", "Vanessave\Vanessave.csproj", "{D5811247-EA3A-4103-9D76-FA9A61B2C357}"
EndProject
Project("{FAE04EC0-301F-11D3-BF4B-00C04F79EFBC}") = "Vanessave.Shared", "Vanessave.Shared\Vanessave.Shared.csproj", "{47F9EA08-97E0-4161-A688-C118EE582A9D}"
EndProject
Project("{FAE04EC0-301F-11D3-BF4B-00C04F79EFBC}") = "Vanessave.Desktop", "Vanessave.Desktop\Vanessave.Desktop.csproj", "{A67BC46A-602E-417A-964B-A2C7ADF3B3A8}"
EndProject
Global
	GlobalSection(SolutionConfigurationPlatforms) = preSolution
		Debug|Any CPU = Debug|Any CPU
		Release|Any CPU = Release|Any CPU
	EndGlobalSection
	GlobalSection(ProjectConfigurationPlatforms) = postSolution
		{D5811247-EA3A-4103-9D76-FA9A61B2C357}.Debug|Any CPU.ActiveCfg = Debug|Any CPU
		{D5811247-EA3A-4103-9D76-FA9A61B2C357}.Debug|Any CPU.Build.0 = Debug|Any CPU
		{D5811247-EA3A-4103-9D76-FA9A61B2C357}.Release|Any CPU.ActiveCfg = Release|Any CPU
		{D5811247-EA3A-4103-9D76-FA9A61B2C357}.Release|Any CPU.Build.0 = Release|Any CPU
		{47F9EA08-97E0-4161-A688-C118EE582A9D}.Debug|Any CPU.ActiveCfg = Debug|Any CPU
		{47F9EA08-97E0-4161-A688-C118EE582A9D}.Debug|Any CPU.Build.0 = Debug|Any CPU
		{47F9EA08-97E0-4161-A688-C118EE582A9D}.Release|Any CPU.ActiveCfg = Release|Any CPU
		{47F9EA08-97E0-4161-A688-C118EE582A9D}.Release|Any CPU.Build.0 = Release|Any CPU
		{A67BC46A-602E-417A-964B-A2C7ADF3B3A8}.Debug|Any CPU.ActiveCfg = Debug|Any CPU
		{A67BC46A-602E-417A-964B-A2C7ADF3B3A8}.Debug|Any CPU.Build.0 = Debug|Any CPU
		{A67BC46A-602E-417A-964B-A2C7ADF3B3A8}.Release|Any CPU.ActiveCfg = Release|Any CPU
		{A67BC46A-602E-417A-964B-A2C7ADF3B3A8}.Release|Any CPU.Build.0 = Release|Any CPU
	EndGlobalSection
EndGlobal
